
Microsoft Visual Studio Solution File, Format Version 12.00
# Visual Studio Version 17
VisualStudioVersion = 17.11.35303.130
MinimumVisualStudioVersion = 10.0.40219.1
Project("{FAE04EC0-301F-11D3-BF4B-00C04F79EFBC}") = "s11215103", "s11215103\s11215103.csproj", "{80647297-4250-4E7B-9327-69301E6A95BA}"
EndProject
Global
	GlobalSection(SolutionConfigurationPlatforms) = preSolution
		Debug|Any CPU = Debug|Any CPU
		Release|Any CPU = Release|Any CPU
	EndGlobalSection
	GlobalSection(ProjectConfigurationPlatforms) = postSolution
		{80647297-4250-4E7B-9327-69301E6A95BA}.Debug|Any CPU.ActiveCfg = Debug|Any CPU
		{80647297-4250-4E7B-9327-69301E6A95BA}.Debug|Any CPU.Build.0 = Debug|Any CPU
		{80647297-4250-4E7B-9327-69301E6A95BA}.Release|Any CPU.ActiveCfg = Release|Any CPU
		{80647297-4250-4E7B-9327-69301E6A95BA}.Release|Any CPU.Build.0 = Release|Any CPU
	EndGlobalSection
	GlobalSection(SolutionProperties) = preSolution
		HideSolutionNode = FALSE
	EndGlobalSection
	GlobalSection(ExtensibilityGlobals) = postSolution
		SolutionGuid = {D8795FA3-AFF1-4413-B0B2-2D7BB022AE91}
	EndGlobalSection
EndGlobal
